// !$*UTF8*$!
{
	archiveVersion = 1;
	classes = {
	};
	objectVersion = 46;
	objects = {

/* Begin PBXBuildFile section */
		59DCAE131CCE096400380A42 /* main.m in Sources */ = {isa = PBXBuildFile; fileRef = 59DCAE121CCE096400380A42 /* main.m */; };
		59DCAE161CCE096400380A42 /* AppDelegate.m in Sources */ = {isa = PBXBuildFile; fileRef = 59DCAE151CCE096400380A42 /* AppDelegate.m */; };
		59DCAE181CCE096400380A42 /* Assets.xcassets in Resources */ = {isa = PBXBuildFile; fileRef = 59DCAE171CCE096400380A42 /* Assets.xcassets */; };
		59DCAE1B1CCE096400380A42 /* LaunchScreen.storyboard in Resources */ = {isa = PBXBuildFile; fileRef = 59DCAE191CCE096400380A42 /* LaunchScreen.storyboard */; };
/* End PBXBuildFile section */

/* Begin PBXFileReference section */
		59DCAE0E1CCE096400380A42 /* InfiniteScrollingList.app */ = {isa = PBXFileReference; explicitFileType = wrapper.application; includeInIndex = 0; path = InfiniteScrollingList.app; sourceTree = BUILT_PRODUCTS_DIR; };
		59DCAE121CCE096400380A42 /* main.m */ = {isa = PBXFileReference; lastKnownFileType = sourcecode.c.objc; path = main.m; sourceTree = "<group>"; };
		59DCAE141CCE096400380A42 /* AppDelegate.h */ = {isa = PBXFileReference; lastKnownFileType = sourcecode.c.h; path = AppDelegate.h; sourceTree = "<group>"; };
		59DCAE151CCE096400380A42 /* AppDelegate.m */ = {isa = PBXFileReference; lastKnownFileType = sourcecode.c.objc; path = AppDelegate.m; sourceTree = "<group>"; };
		59DCAE171CCE096400380A42 /* Assets.xcassets */ = {isa = PBXFileReference; lastKnownFileType = folder.assetcatalog; path = Assets.xcassets; sourceTree = "<group>"; };
		59DCAE1A1CCE096400380A42 /* Base */ = {isa = PBXFileReference; lastKnownFileType = file.storyboard; name = Base; path = Base.lproj/LaunchScreen.storyboard; sourceTree = "<group>"; };
		59DCAE1C1CCE096400380A42 /* Info.plist */ = {isa = PBXFileReference; lastKnownFileType = text.plist.xml; path = Info.plist; sourceTree = "<group>"; };
/* End PBXFileReference section */

/* Begin PBXFrameworksBuildPhase section */
		59DCAE0B1CCE096400380A42 /* Frameworks */ = {
			isa = PBXFrameworksBuildPhase;
			buildActionMask = 2147483647;
			files = (
			);
			runOnlyForDeploymentPostprocessing = 0;
		};
/* End PBXFrameworksBuildPhase section */

/* Begin PBXGroup section */
		59DCAE051CCE096400380A42 = {
			isa = PBXGroup;
			children = (
				59DCAE101CCE096400380A42 /* InfiniteScrollingList */,
				59DCAE0F1CCE096400380A42 /* Products */,
			);
			sourceTree = "<group>";
		};
		59DCAE0F1CCE096400380A42 /* Products */ = {
			isa = PBXGroup;
			children = (
				59DCAE0E1CCE096400380A42 /* InfiniteScrollingList.app */,
			);
			name = Products;
			sourceTree = "<group>";
		};
		59DCAE101CCE096400380A42 /* InfiniteScrollingList */ = {
			isa = PBXGroup;
			children = (
				59DCAE141CCE096400380A42 /* AppDelegate.h */,
				59DCAE151CCE096400380A42 /* AppDelegate.m */,
				59DCAE171CCE096400380A42 /* Assets.xcassets */,
				59DCAE191CCE096400380A42 /* LaunchScreen.storyboard */,
				59DCAE1C1CCE096400380A42 /* Info.plist */,
				59DCAE111CCE096400380A42 /* Supporting Files */,
			);
			path = InfiniteScrollingList;
			sourceTree = "<group>";
		};
		59DCAE111CCE096400380A42 /* Supporting Files */ = {
			isa = PBXGroup;
			children = (
				59DCAE121CCE096400380A42 /* main.m */,
			);
			name = "Supporting Files";
			sourceTree = "<group>";
		};
/* End PBXGroup section */

/* Begin PBXNativeTarget section */
		59DCAE0D1CCE096400380A42 /* InfiniteScrollingList */ = {
			isa = PBXNativeTarget;
			buildConfigurationList = 59DCAE1F1CCE096400380A42 /* Build configuration list for PBXNativeTarget "InfiniteScrollingList" */;
			buildPhases = (
				59DCAE0A1CCE096400380A42 /* Sources */,
				59DCAE0B1CCE096400380A42 /* Frameworks */,
				59DCAE0C1CCE096400380A42 /* Resources */,
			);
			buildRules = (
			);
			dependencies = (
			);
			name = InfiniteScrollingList;
			productName = InfiniteScrollingList;
			productReference = 59DCAE0E1CCE096400380A42 /* InfiniteScrollingList.app */;
			productType = "com.apple.product-type.application";
		};
/* End PBXNativeTarget section */

/* Begin PBXProject section */
		59DCAE061CCE096400380A42 /* Project object */ = {
			isa = PBXProject;
			attributes = {
				LastUpgradeCheck = 0730;
				ORGANIZATIONNAME = "David de Tena";
				TargetAttributes = {
					59DCAE0D1CCE096400380A42 = {
						CreatedOnToolsVersion = 7.3;
					};
				};
			};
			buildConfigurationList = 59DCAE091CCE096400380A42 /* Build configuration list for PBXProject "InfiniteScrollingList" */;
			compatibilityVersion = "Xcode 3.2";
			developmentRegion = English;
			hasScannedForEncodings = 0;
			knownRegions = (
				en,
				Base,
			);
			mainGroup = 59DCAE051CCE096400380A42;
			productRefGroup = 59DCAE0F1CCE096400380A42 /* Products */;
			projectDirPath = "";
			projectRoot = "";
			targets = (
				59DCAE0D1CCE096400380A42 /* InfiniteScrollingList */,
			);
		};
/* End PBXProject section */

/* Begin PBXResourcesBuildPhase section */
		59DCAE0C1CCE096400380A42 /* Resources */ = {
			isa = PBXResourcesBuildPhase;
			buildActionMask = 2147483647;
			files = (
				59DCAE181CCE096400380A42 /* Assets.xcassets in Resources */,
				59DCAE1B1CCE096400380A42 /* LaunchScreen.storyboard in Resources */,
			);
			runOnlyForDeploymentPostprocessing = 0;
		};
/* End PBXResourcesBuildPhase section */

/* Begin PBXSourcesBuildPhase section */
		59DCAE0A1CCE096400380A42 /* Sources */ = {
			isa = PBXSourcesBuildPhase;
			buildActionMask = 2147483647;
			files = (
				59DCAE161CCE096400380A42 /* AppDelegate.m in Sources */,
				59DCAE131CCE096400380A42 /* main.m in Sources */,
			);
			runOnlyForDeploymentPostprocessing = 0;
		};
/* End PBXSourcesBuildPhase section */

/* Begin PBXVariantGroup section */
		59DCAE191CCE096400380A42 /* LaunchScreen.storyboard */ = {
			isa = PBXVariantGroup;
			children = (
				59DCAE1A1CCE096400380A42 /* Base */,
			);
			name = LaunchScreen.storyboard;
			sourceTree = "<group>";
		};
/* End PBXVariantGroup section */

/* Begin XCBuildConfiguration section */
		59DCAE1D1CCE096400380A42 /* Debug */ = {
			isa = XCBuildConfiguration;
			buildSettings = {
				ALWAYS_SEARCH_USER_PATHS = NO;
				CLANG_ANALYZER_NONNULL = YES;
				CLANG_CXX_LANGUAGE_STANDARD = "gnu++0x";
				CLANG_CXX_LIBRARY = "libc++";
				CLANG_ENABLE_MODULES = YES;
				CLANG_ENABLE_OBJC_ARC = YES;
				CLANG_WARN_BOOL_CONVERSION = YES;
				CLANG_WARN_CONSTANT_CONVERSION = YES;
				CLANG_WARN_DIRECT_OBJC_ISA_USAGE = YES_ERROR;
				CLANG_WARN_EMPTY_BODY = YES;
				CLANG_WARN_ENUM_CONVERSION = YES;
				CLANG_WARN_INT_CONVERSION = YES;
				CLANG_WARN_OBJC_ROOT_CLASS = YES_ERROR;
				CLANG_WARN_UNREACHABLE_CODE = YES;
				CLANG_WARN__DUPLICATE_METHOD_MATCH = YES;
				"CODE_SIGN_IDENTITY[sdk=iphoneos*]" = "iPhone Developer";
				COPY_PHASE_STRIP = NO;
				DEBUG_INFORMATION_FORMAT = dwarf;
				ENABLE_STRICT_OBJC_MSGSEND = YES;
				ENABLE_TESTABILITY = YES;
				GCC_C_LANGUAGE_STANDARD = gnu99;
				GCC_DYNAMIC_NO_PIC = NO;
				GCC_NO_COMMON_BLOCKS = YES;
				GCC_OPTIMIZATION_LEVEL = 0;
				GCC_PREPROCESSOR_DEFINITIONS = (
					"DEBUG=1",
					"$(inherited)",
				);
				GCC_WARN_64_TO_32_BIT_CONVERSION = YES;
				GCC_WARN_ABOUT_RETURN_TYPE = YES_ERROR;
				GCC_WARN_UNDECLARED_SELECTOR = YES;
				GCC_WARN_UNINITIALIZED_AUTOS = YES_AGGRESSIVE;
				GCC_WARN_UNUSED_FUNCTION = YES;
				GCC_WARN_UNUSED_VARIABLE = YES;
				IPHONEOS_DEPLOYMENT_TARGET = 9.3;
				MTL_ENABLE_DEBUG_INFO = YES;
				ONLY_ACTIVE_ARCH = YES;
				SDKROOT = iphoneos;
				TARGETED_DEVICE_FAMILY = "1,2";
			};
			name = Debug;
		};
		59DCAE1E1CCE096400380A42 /* Release */ = {
			isa = XCBuildConfiguration;
			buildSettings = {
				ALWAYS_SEARCH_USER_PATHS = NO;
				CLANG_ANALYZER_NONNULL = YES;
				CLANG_CXX_LANGUAGE_STANDARD = "gnu++0x";
				CLANG_CXX_LIBRARY = "libc++";
				CLANG_ENABLE_MODULES = YES;
				CLANG_ENABLE_OBJC_ARC = YES;
				CLANG_WARN_BOOL_CONVERSION = YES;
				CLANG_WARN_CONSTANT_CONVERSION = YES;
				CLANG_WARN_DIRECT_OBJC_ISA_USAGE = YES_ERROR;
				CLANG_WARN_EMPTY_BODY = YES;
				CLANG_WARN_ENUM_CONVERSION = YES;
				CLANG_WARN_INT_CONVERSION = YES;
				CLANG_WARN_OBJC_ROOT_CLASS = YES_ERROR;
				CLANG_WARN_UNREACHABLE_CODE = YES;
				CLANG_WARN__DUPLICATE_METHOD_MATCH = YES;
				"CODE_SIGN_IDENTITY[sdk=iphoneos*]" = "iPhone Developer";
				COPY_PHASE_STRIP = NO;
				DEBUG_INFORMATION_FORMAT = "dwarf-with-dsym";
				ENABLE_NS_ASSERTIONS = NO;
				ENABLE_STRICT_OBJC_MSGSEND = YES;
				GCC_C_LANGUAGE_STANDARD = gnu99;
				GCC_NO_COMMON_BLOCKS = YES;
				GCC_WARN_64_TO_32_BIT_CONVERSION = YES;
				GCC_WARN_ABOUT_RETURN_TYPE = YES_ERROR;
				GCC_WARN_UNDECLARED_SELECTOR = YES;
				GCC_WARN_UNINITIALIZED_AUTOS = YES_AGGRESSIVE;
				GCC_WARN_UNUSED_FUNCTION = YES;
				GCC_WARN_UNUSED_VARIABLE = YES;
				IPHONEOS_DEPLOYMENT_TARGET = 9.3;
				MTL_ENABLE_DEBUG_INFO = NO;
				SDKROOT = iphoneos;
				TARGETED_DEVICE_FAMILY = "1,2";
				VALIDATE_PRODUCT = YES;
			};
			name = Release;
		};
		59DCAE201CCE096400380A42 /* Debug */ = {
			isa = XCBuildConfiguration;
			buildSettings = {
				ASSETCATALOG_COMPILER_APPICON_NAME = AppIcon;
				INFOPLIST_FILE = InfiniteScrollingList/Info.plist;
				LD_RUNPATH_SEARCH_PATHS = "$(inherited) @executable_path/Frameworks";
				PRODUCT_BUNDLE_IDENTIFIER = com.daviddetena.InfiniteScrollingList;
				PRODUCT_NAME = "$(TARGET_NAME)";
			};
			name = Debug;
		};
		59DCAE211CCE096400380A42 /* Release */ = {
			isa = XCBuildConfiguration;
			buildSettings = {
				ASSETCATALOG_COMPILER_APPICON_NAME = AppIcon;
				INFOPLIST_FILE = InfiniteScrollingList/Info.plist;
				LD_RUNPATH_SEARCH_PATHS = "$(inherited) @executable_path/Frameworks";
				PRODUCT_BUNDLE_IDENTIFIER = com.daviddetena.InfiniteScrollingList;
				PRODUCT_NAME = "$(TARGET_NAME)";
			};
			name = Release;
		};
/* End XCBuildConfiguration section */

/* Begin XCConfigurationList section */
		59DCAE091CCE096400380A42 /* Build configuration list for PBXProject "InfiniteScrollingList" */ = {
			isa = XCConfigurationList;
			buildConfigurations = (
				59DCAE1D1CCE096400380A42 /* Debug */,
				59DCAE1E1CCE096400380A42 /* Release */,
			);
			defaultConfigurationIsVisible = 0;
			defaultConfigurationName = Release;
		};
		59DCAE1F1CCE096400380A42 /* Build configuration list for PBXNativeTarget "InfiniteScrollingList" */ = {
			isa = XCConfigurationList;
			buildConfigurations = (
				59DCAE201CCE096400380A42 /* Debug */,
				59DCAE211CCE096400380A42 /* Release */,
			);
			defaultConfigurationIsVisible = 0;
		};
/* End XCConfigurationList section */
	};
	rootObject = 59DCAE061CCE096400380A42 /* Project object */;
}
